{
  "name": "BookingCalendar",
  "lockfileVersion": 2,
  "requires": true,
  "packages": {
    "": {
      "dependencies": {
        "bulma": "^0.9.4",
        "bulma-calendar": "^6.1.15"
      }
    },
    "node_modules/bulma": {
      "version": "0.9.4",
      "resolved": "https://registry.npmjs.org/bulma/-/bulma-0.9.4.tgz",
      "integrity": "sha512-86FlT5+1GrsgKbPLRRY7cGDg8fsJiP/jzTqXXVqiUZZ2aZT8uemEOHlU1CDU+TxklPEZ11HZNNWclRBBecP4CQ=="
    },
    "node_modules/bulma-calendar": {
      "version": "6.1.15",
      "resolved": "https://registry.npmjs.org/bulma-calendar/-/bulma-calendar-6.1.15.tgz",
      "integrity": "sha512-RYpc13iLsyUdAwQRztETkM5DLb+wpATHgi3AzeavInjkowJqoY4JxXNTgS9DQXIhKn2dxT2HHuBb8012z6KNGg==",
      "dependencies": {
        "date-fns": "^2.21.3"
      },
      "peerDependencies": {
        "bulma": "^0.9.3"
      }
    },
    "node_modules/date-fns": {
      "version": "2.27.0",
      "resolved": "https://registry.npmjs.org/date-fns/-/date-fns-2.27.0.tgz",
      "integrity": "sha512-sj+J0Mo2p2X1e306MHq282WS4/A8Pz/95GIFcsPNMPMZVI3EUrAdSv90al1k+p74WGLCruMXk23bfEDZa71X9Q==",
      "engines": {
        "node": ">=0.11"
      },
      "funding": {
        "type": "opencollective",
        "url": "https://opencollective.com/date-fns"
      }
    }
  },
  "dependencies": {
    "bulma": {
      "version": "0.9.4",
      "resolved": "https://registry.npmjs.org/bulma/-/bulma-0.9.4.tgz",
      "integrity": "sha512-86FlT5+1GrsgKbPLRRY7cGDg8fsJiP/jzTqXXVqiUZZ2aZT8uemEOHlU1CDU+TxklPEZ11HZNNWclRBBecP4CQ=="
    },
    "bulma-calendar": {
      "version": "6.1.15",
      "resolved": "https://registry.npmjs.org/bulma-calendar/-/bulma-calendar-6.1.15.tgz",
      "integrity": "sha512-RYpc13iLsyUdAwQRztETkM5DLb+wpATHgi3AzeavInjkowJqoY4JxXNTgS9DQXIhKn2dxT2HHuBb8012z6KNGg==",
      "requires": {
        "date-fns": "^2.21.3"
      }
    },
    "date-fns": {
      "version": "2.27.0",
      "resolved": "https://registry.npmjs.org/date-fns/-/date-fns-2.27.0.tgz",
      "integrity": "sha512-sj+J0Mo2p2X1e306MHq282WS4/A8Pz/95GIFcsPNMPMZVI3EUrAdSv90al1k+p74WGLCruMXk23bfEDZa71X9Q=="
    }
  }
}
